
Microsoft Visual Studio Solution File, Format Version 12.00
# Visual Studio 2013
VisualStudioVersion = 12.0.40629.0
MinimumVisualStudioVersion = 10.0.40219.1
Project("{FAE04EC0-301F-11D3-BF4B-00C04F79EFBC}") = "ShSoft.Framework2015.Common", "ShSoft.Framework2015.Common\ShSoft.Framework2015.Common.csproj", "{37402463-F73A-4788-B9DE-5C57EC18604F}"
EndProject
Project("{FAE04EC0-301F-11D3-BF4B-00C04F79EFBC}") = "ShSoft.Framework2015.CacheStorage", "ShSoft.Framework2015.CacheStorage\ShSoft.Framework2015.CacheStorage.csproj", "{9F9D95B0-7E4C-4138-9468-C881720B5572}"
EndProject
Project("{FAE04EC0-301F-11D3-BF4B-00C04F79EFBC}") = "ShSoft.Framework2015.Infrastructure", "ShSoft.Framework2015.Infrastructure\ShSoft.Framework2015.Infrastructure.csproj", "{F9FF05F0-1900-4D24-859A-B3202F2208D7}"
EndProject
Project("{FAE04EC0-301F-11D3-BF4B-00C04F79EFBC}") = "ShSoft.Framework2015.EntityFramework", "ShSoft.Framework2015.EntityFramework\ShSoft.Framework2015.EntityFramework.csproj", "{A101FBDF-273F-477F-85DF-D9AD39FDB117}"
EndProject
Project("{FAE04EC0-301F-11D3-BF4B-00C04F79EFBC}") = "ShSoft.Framework2015.AOP", "ShSoft.Framework2015.AOP\ShSoft.Framework2015.AOP.csproj", "{DBB8D1A5-231C-49C8-9A6A-F2D137D5396F}"
EndProject
Project("{FAE04EC0-301F-11D3-BF4B-00C04F79EFBC}") = "ShSoft.Framework2015.TaskScheduler", "ShSoft.Framework2015.TaskScheduler\ShSoft.Framework2015.TaskScheduler.csproj", "{C9C33187-7EC3-40E1-AC8B-598777663408}"
EndProject
Project("{FAE04EC0-301F-11D3-BF4B-00C04F79EFBC}") = "ShSoft.Framework2015.NoGenerator", "ShSoft.Framework2015.NoGenerator\ShSoft.Framework2015.NoGenerator.csproj", "{33441B62-819C-409B-BBF3-43DDD96FCDC1}"
EndProject
Project("{FAE04EC0-301F-11D3-BF4B-00C04F79EFBC}") = "ShSoft.Framework2015.LogSite", "ShSoft.Framework2015.LogSite\ShSoft.Framework2015.LogSite.csproj", "{559FB9AF-5323-4C1E-A67C-3700DDFF5CA3}"
EndProject
Project("{FAE04EC0-301F-11D3-BF4B-00C04F79EFBC}") = "ShSoft.Framework2015.Infrastructure.DomainEvent", "ShSoft.Framework2015.Infrastructure.DomainEvent\ShSoft.Framework2015.Infrastructure.DomainEvent.csproj", "{79DC5E40-2857-4748-A895-49BB675CDC68}"
EndProject
Project("{FAE04EC0-301F-11D3-BF4B-00C04F79EFBC}") = "ShSoft.Framework2015.Infrastructure.Web", "ShSoft.Framework2015.Infrastructure.Web\ShSoft.Framework2015.Infrastructure.Web.csproj", "{17C748AF-D2E4-4F35-925C-2D0C1D5A51B4}"
EndProject
Project("{FAE04EC0-301F-11D3-BF4B-00C04F79EFBC}") = "ShSoft.Framework2015.Infrastructure.WCF", "ShSoft.Framework2015.Infrastructure.WCF\ShSoft.Framework2015.Infrastructure.WCF.csproj", "{EE338374-786D-4136-8F24-5EBD2EF7F02E}"
EndProject
Project("{FAE04EC0-301F-11D3-BF4B-00C04F79EFBC}") = "ShSoft.Framework2015.Infrastructure.AOP", "ShSoft.Framework2015.Infrastructure.AOP\ShSoft.Framework2015.Infrastructure.AOP.csproj", "{90EEAC8D-C4F0-4003-B09B-A4D4C8B312BA}"
EndProject
Project("{FAE04EC0-301F-11D3-BF4B-00C04F79EFBC}") = "ShSoft.Framework2015.Infrastructure.IOC", "ShSoft.Framework2015.Infrastructure.IOC\ShSoft.Framework2015.Infrastructure.IOC.csproj", "{891D9124-0462-4841-B1F6-8FFF2FD0B7BE}"
EndProject
Project("{FAE04EC0-301F-11D3-BF4B-00C04F79EFBC}") = "ShSoft.Framework2015.Infrastructure.Repository", "ShSoft.Framework2015.Infrastructure.Repository\ShSoft.Framework2015.Infrastructure.Repository.csproj", "{972CFDBB-1E0F-43CD-987A-458E9D1543B8}"
EndProject
Project("{FAE04EC0-301F-11D3-BF4B-00C04F79EFBC}") = "ShSoft.Framework2015.Infrastructure.WebApi", "ShSoft.Framework2015.Infrastructure.WebApi\ShSoft.Framework2015.Infrastructure.WebApi.csproj", "{8CD2566C-772F-4229-8242-A38418B9E18A}"
EndProject
Project("{FAE04EC0-301F-11D3-BF4B-00C04F79EFBC}") = "ShSoft.Framework2015.Infrastructure.MVC", "ShSoft.Framework2015.Infrastructure.MVC\ShSoft.Framework2015.Infrastructure.MVC.csproj", "{BE9A8E04-FAF7-47E4-951A-416C7CC2C089}"
EndProject
Project("{2150E333-8FDC-42A3-9474-1A3956D46DE8}") = "01 - 组件类库", "01 - 组件类库", "{9DE1609B-2AD6-43E4-8900-F5ACD28C35F1}"
EndProject
Project("{2150E333-8FDC-42A3-9474-1A3956D46DE8}") = "02 - 基础设施", "02 - 基础设施", "{F04B3910-0A27-4C2D-8ED1-6CC7095691E5}"
EndProject
Project("{2150E333-8FDC-42A3-9474-1A3956D46DE8}") = "03 - 单元测试", "03 - 单元测试", "{9674117A-466B-4315-A502-DCDFFC4E05B3}"
EndProject
Project("{FAE04EC0-301F-11D3-BF4B-00C04F79EFBC}") = "ShSoft.Framework2015.Infrastructure.DomainEventTests", "ShSoft.Framework2015.Infrastructure.DomainEventTests\ShSoft.Framework2015.Infrastructure.DomainEventTests.csproj", "{1182A916-10CD-482C-B8AA-1A630C5C739C}"
EndProject
Project("{FAE04EC0-301F-11D3-BF4B-00C04F79EFBC}") = "ShSoft.Framework2015.EntityFrameworkTests", "ShSoft.Framework2015.EntityFrameworkTests\ShSoft.Framework2015.EntityFrameworkTests.csproj", "{2123B05C-FC6A-4AC0-8223-540B00F8F30C}"
EndProject
Project("{2150E333-8FDC-42A3-9474-1A3956D46DE8}") = ".nuget", ".nuget", "{FF4ABECC-5097-4064-95CA-9BF579AEE43C}"
	ProjectSection(SolutionItems) = preProject
		.nuget\NuGet.Config = .nuget\NuGet.Config
		.nuget\NuGet.exe = .nuget\NuGet.exe
		.nuget\NuGet.targets = .nuget\NuGet.targets
	EndProjectSection
EndProject
Project("{FAE04EC0-301F-11D3-BF4B-00C04F79EFBC}") = "ShSoft.Framework2015.Infrastructure.MVCTests", "ShSoft.Framework2015.Infrastructure.MVCTests\ShSoft.Framework2015.Infrastructure.MVCTests.csproj", "{3F66CC12-3DD8-4CA6-99C4-B2FEC28D3473}"
EndProject
Project("{FAE04EC0-301F-11D3-BF4B-00C04F79EFBC}") = "ShSoft.Framework2015.Infrastructure.MVCTests.IAppService", "ShSoft.Framework2015.Infrastructure.MVCTests.IAppService\ShSoft.Framework2015.Infrastructure.MVCTests.IAppService.csproj", "{04BFA4D7-86C8-4341-B34C-3F1D88D19827}"
EndProject
Project("{FAE04EC0-301F-11D3-BF4B-00C04F79EFBC}") = "ShSoft.Framework2015.AOPTests", "ShSoft.Framework2015.AOPTests\ShSoft.Framework2015.AOPTests.csproj", "{57BBBE8C-84EF-4605-8B96-83ABE9FA0AB8}"
EndProject
Project("{FAE04EC0-301F-11D3-BF4B-00C04F79EFBC}") = "ShSoft.Framework2015.CacheStorageTests", "ShSoft.Framework2015.CacheStorageTests\ShSoft.Framework2015.CacheStorageTests.csproj", "{421786C0-1720-4636-A23D-6FEC573BAD53}"
EndProject
Global
	GlobalSection(SolutionConfigurationPlatforms) = preSolution
		Debug|Any CPU = Debug|Any CPU
		Release|Any CPU = Release|Any CPU
	EndGlobalSection
	GlobalSection(ProjectConfigurationPlatforms) = postSolution
		{37402463-F73A-4788-B9DE-5C57EC18604F}.Debug|Any CPU.ActiveCfg = Debug|Any CPU
		{37402463-F73A-4788-B9DE-5C57EC18604F}.Debug|Any CPU.Build.0 = Debug|Any CPU
		{37402463-F73A-4788-B9DE-5C57EC18604F}.Release|Any CPU.ActiveCfg = Release|Any CPU
		{37402463-F73A-4788-B9DE-5C57EC18604F}.Release|Any CPU.Build.0 = Release|Any CPU
		{9F9D95B0-7E4C-4138-9468-C881720B5572}.Debug|Any CPU.ActiveCfg = Debug|Any CPU
		{9F9D95B0-7E4C-4138-9468-C881720B5572}.Debug|Any CPU.Build.0 = Debug|Any CPU
		{9F9D95B0-7E4C-4138-9468-C881720B5572}.Release|Any CPU.ActiveCfg = Release|Any CPU
		{9F9D95B0-7E4C-4138-9468-C881720B5572}.Release|Any CPU.Build.0 = Release|Any CPU
		{F9FF05F0-1900-4D24-859A-B3202F2208D7}.Debug|Any CPU.ActiveCfg = Debug|Any CPU
		{F9FF05F0-1900-4D24-859A-B3202F2208D7}.Debug|Any CPU.Build.0 = Debug|Any CPU
		{F9FF05F0-1900-4D24-859A-B3202F2208D7}.Release|Any CPU.ActiveCfg = Release|Any CPU
		{F9FF05F0-1900-4D24-859A-B3202F2208D7}.Release|Any CPU.Build.0 = Release|Any CPU
		{A101FBDF-273F-477F-85DF-D9AD39FDB117}.Debug|Any CPU.ActiveCfg = Debug|Any CPU
		{A101FBDF-273F-477F-85DF-D9AD39FDB117}.Debug|Any CPU.Build.0 = Debug|Any CPU
		{A101FBDF-273F-477F-85DF-D9AD39FDB117}.Release|Any CPU.ActiveCfg = Release|Any CPU
		{A101FBDF-273F-477F-85DF-D9AD39FDB117}.Release|Any CPU.Build.0 = Release|Any CPU
		{DBB8D1A5-231C-49C8-9A6A-F2D137D5396F}.Debug|Any CPU.ActiveCfg = Debug|Any CPU
		{DBB8D1A5-231C-49C8-9A6A-F2D137D5396F}.Debug|Any CPU.Build.0 = Debug|Any CPU
		{DBB8D1A5-231C-49C8-9A6A-F2D137D5396F}.Release|Any CPU.ActiveCfg = Release|Any CPU
		{DBB8D1A5-231C-49C8-9A6A-F2D137D5396F}.Release|Any CPU.Build.0 = Release|Any CPU
		{C9C33187-7EC3-40E1-AC8B-598777663408}.Debug|Any CPU.ActiveCfg = Debug|Any CPU
		{C9C33187-7EC3-40E1-AC8B-598777663408}.Debug|Any CPU.Build.0 = Debug|Any CPU
		{C9C33187-7EC3-40E1-AC8B-598777663408}.Release|Any CPU.ActiveCfg = Release|Any CPU
		{C9C33187-7EC3-40E1-AC8B-598777663408}.Release|Any CPU.Build.0 = Release|Any CPU
		{33441B62-819C-409B-BBF3-43DDD96FCDC1}.Debug|Any CPU.ActiveCfg = Debug|Any CPU
		{33441B62-819C-409B-BBF3-43DDD96FCDC1}.Debug|Any CPU.Build.0 = Debug|Any CPU
		{33441B62-819C-409B-BBF3-43DDD96FCDC1}.Release|Any CPU.ActiveCfg = Release|Any CPU
		{33441B62-819C-409B-BBF3-43DDD96FCDC1}.Release|Any CPU.Build.0 = Release|Any CPU
		{559FB9AF-5323-4C1E-A67C-3700DDFF5CA3}.Debug|Any CPU.ActiveCfg = Debug|Any CPU
		{559FB9AF-5323-4C1E-A67C-3700DDFF5CA3}.Debug|Any CPU.Build.0 = Debug|Any CPU
		{559FB9AF-5323-4C1E-A67C-3700DDFF5CA3}.Release|Any CPU.ActiveCfg = Release|Any CPU
		{559FB9AF-5323-4C1E-A67C-3700DDFF5CA3}.Release|Any CPU.Build.0 = Release|Any CPU
		{79DC5E40-2857-4748-A895-49BB675CDC68}.Debug|Any CPU.ActiveCfg = Debug|Any CPU
		{79DC5E40-2857-4748-A895-49BB675CDC68}.Debug|Any CPU.Build.0 = Debug|Any CPU
		{79DC5E40-2857-4748-A895-49BB675CDC68}.Release|Any CPU.ActiveCfg = Release|Any CPU
		{79DC5E40-2857-4748-A895-49BB675CDC68}.Release|Any CPU.Build.0 = Release|Any CPU
		{17C748AF-D2E4-4F35-925C-2D0C1D5A51B4}.Debug|Any CPU.ActiveCfg = Debug|Any CPU
		{17C748AF-D2E4-4F35-925C-2D0C1D5A51B4}.Debug|Any CPU.Build.0 = Debug|Any CPU
		{17C748AF-D2E4-4F35-925C-2D0C1D5A51B4}.Release|Any CPU.ActiveCfg = Release|Any CPU
		{17C748AF-D2E4-4F35-925C-2D0C1D5A51B4}.Release|Any CPU.Build.0 = Release|Any CPU
		{EE338374-786D-4136-8F24-5EBD2EF7F02E}.Debug|Any CPU.ActiveCfg = Debug|Any CPU
		{EE338374-786D-4136-8F24-5EBD2EF7F02E}.Debug|Any CPU.Build.0 = Debug|Any CPU
		{EE338374-786D-4136-8F24-5EBD2EF7F02E}.Release|Any CPU.ActiveCfg = Release|Any CPU
		{EE338374-786D-4136-8F24-5EBD2EF7F02E}.Release|Any CPU.Build.0 = Release|Any CPU
		{90EEAC8D-C4F0-4003-B09B-A4D4C8B312BA}.Debug|Any CPU.ActiveCfg = Debug|Any CPU
		{90EEAC8D-C4F0-4003-B09B-A4D4C8B312BA}.Debug|Any CPU.Build.0 = Debug|Any CPU
		{90EEAC8D-C4F0-4003-B09B-A4D4C8B312BA}.Release|Any CPU.ActiveCfg = Release|Any CPU
		{90EEAC8D-C4F0-4003-B09B-A4D4C8B312BA}.Release|Any CPU.Build.0 = Release|Any CPU
		{891D9124-0462-4841-B1F6-8FFF2FD0B7BE}.Debug|Any CPU.ActiveCfg = Debug|Any CPU
		{891D9124-0462-4841-B1F6-8FFF2FD0B7BE}.Debug|Any CPU.Build.0 = Debug|Any CPU
		{891D9124-0462-4841-B1F6-8FFF2FD0B7BE}.Release|Any CPU.ActiveCfg = Release|Any CPU
		{891D9124-0462-4841-B1F6-8FFF2FD0B7BE}.Release|Any CPU.Build.0 = Release|Any CPU
		{972CFDBB-1E0F-43CD-987A-458E9D1543B8}.Debug|Any CPU.ActiveCfg = Debug|Any CPU
		{972CFDBB-1E0F-43CD-987A-458E9D1543B8}.Debug|Any CPU.Build.0 = Debug|Any CPU
		{972CFDBB-1E0F-43CD-987A-458E9D1543B8}.Release|Any CPU.ActiveCfg = Release|Any CPU
		{972CFDBB-1E0F-43CD-987A-458E9D1543B8}.Release|Any CPU.Build.0 = Release|Any CPU
		{8CD2566C-772F-4229-8242-A38418B9E18A}.Debug|Any CPU.ActiveCfg = Debug|Any CPU
		{8CD2566C-772F-4229-8242-A38418B9E18A}.Debug|Any CPU.Build.0 = Debug|Any CPU
		{8CD2566C-772F-4229-8242-A38418B9E18A}.Release|Any CPU.ActiveCfg = Release|Any CPU
		{8CD2566C-772F-4229-8242-A38418B9E18A}.Release|Any CPU.Build.0 = Release|Any CPU
		{BE9A8E04-FAF7-47E4-951A-416C7CC2C089}.Debug|Any CPU.ActiveCfg = Debug|Any CPU
		{BE9A8E04-FAF7-47E4-951A-416C7CC2C089}.Debug|Any CPU.Build.0 = Debug|Any CPU
		{BE9A8E04-FAF7-47E4-951A-416C7CC2C089}.Release|Any CPU.ActiveCfg = Release|Any CPU
		{BE9A8E04-FAF7-47E4-951A-416C7CC2C089}.Release|Any CPU.Build.0 = Release|Any CPU
		{1182A916-10CD-482C-B8AA-1A630C5C739C}.Debug|Any CPU.ActiveCfg = Debug|Any CPU
		{1182A916-10CD-482C-B8AA-1A630C5C739C}.Debug|Any CPU.Build.0 = Debug|Any CPU
		{1182A916-10CD-482C-B8AA-1A630C5C739C}.Release|Any CPU.ActiveCfg = Release|Any CPU
		{1182A916-10CD-482C-B8AA-1A630C5C739C}.Release|Any CPU.Build.0 = Release|Any CPU
		{2123B05C-FC6A-4AC0-8223-540B00F8F30C}.Debug|Any CPU.ActiveCfg = Debug|Any CPU
		{2123B05C-FC6A-4AC0-8223-540B00F8F30C}.Debug|Any CPU.Build.0 = Debug|Any CPU
		{2123B05C-FC6A-4AC0-8223-540B00F8F30C}.Release|Any CPU.ActiveCfg = Release|Any CPU
		{2123B05C-FC6A-4AC0-8223-540B00F8F30C}.Release|Any CPU.Build.0 = Release|Any CPU
		{3F66CC12-3DD8-4CA6-99C4-B2FEC28D3473}.Debug|Any CPU.ActiveCfg = Debug|Any CPU
		{3F66CC12-3DD8-4CA6-99C4-B2FEC28D3473}.Debug|Any CPU.Build.0 = Debug|Any CPU
		{3F66CC12-3DD8-4CA6-99C4-B2FEC28D3473}.Release|Any CPU.ActiveCfg = Release|Any CPU
		{3F66CC12-3DD8-4CA6-99C4-B2FEC28D3473}.Release|Any CPU.Build.0 = Release|Any CPU
		{04BFA4D7-86C8-4341-B34C-3F1D88D19827}.Debug|Any CPU.ActiveCfg = Debug|Any CPU
		{04BFA4D7-86C8-4341-B34C-3F1D88D19827}.Debug|Any CPU.Build.0 = Debug|Any CPU
		{04BFA4D7-86C8-4341-B34C-3F1D88D19827}.Release|Any CPU.ActiveCfg = Release|Any CPU
		{04BFA4D7-86C8-4341-B34C-3F1D88D19827}.Release|Any CPU.Build.0 = Release|Any CPU
		{57BBBE8C-84EF-4605-8B96-83ABE9FA0AB8}.Debug|Any CPU.ActiveCfg = Debug|Any CPU
		{57BBBE8C-84EF-4605-8B96-83ABE9FA0AB8}.Debug|Any CPU.Build.0 = Debug|Any CPU
		{57BBBE8C-84EF-4605-8B96-83ABE9FA0AB8}.Release|Any CPU.ActiveCfg = Release|Any CPU
		{57BBBE8C-84EF-4605-8B96-83ABE9FA0AB8}.Release|Any CPU.Build.0 = Release|Any CPU
		{421786C0-1720-4636-A23D-6FEC573BAD53}.Debug|Any CPU.ActiveCfg = Debug|Any CPU
		{421786C0-1720-4636-A23D-6FEC573BAD53}.Debug|Any CPU.Build.0 = Debug|Any CPU
		{421786C0-1720-4636-A23D-6FEC573BAD53}.Release|Any CPU.ActiveCfg = Release|Any CPU
		{421786C0-1720-4636-A23D-6FEC573BAD53}.Release|Any CPU.Build.0 = Release|Any CPU
	EndGlobalSection
	GlobalSection(SolutionProperties) = preSolution
		HideSolutionNode = FALSE
	EndGlobalSection
	GlobalSection(NestedProjects) = preSolution
		{37402463-F73A-4788-B9DE-5C57EC18604F} = {9DE1609B-2AD6-43E4-8900-F5ACD28C35F1}
		{9F9D95B0-7E4C-4138-9468-C881720B5572} = {9DE1609B-2AD6-43E4-8900-F5ACD28C35F1}
		{F9FF05F0-1900-4D24-859A-B3202F2208D7} = {F04B3910-0A27-4C2D-8ED1-6CC7095691E5}
		{A101FBDF-273F-477F-85DF-D9AD39FDB117} = {9DE1609B-2AD6-43E4-8900-F5ACD28C35F1}
		{DBB8D1A5-231C-49C8-9A6A-F2D137D5396F} = {9DE1609B-2AD6-43E4-8900-F5ACD28C35F1}
		{C9C33187-7EC3-40E1-AC8B-598777663408} = {9DE1609B-2AD6-43E4-8900-F5ACD28C35F1}
		{33441B62-819C-409B-BBF3-43DDD96FCDC1} = {9DE1609B-2AD6-43E4-8900-F5ACD28C35F1}
		{559FB9AF-5323-4C1E-A67C-3700DDFF5CA3} = {9DE1609B-2AD6-43E4-8900-F5ACD28C35F1}
		{79DC5E40-2857-4748-A895-49BB675CDC68} = {F04B3910-0A27-4C2D-8ED1-6CC7095691E5}
		{17C748AF-D2E4-4F35-925C-2D0C1D5A51B4} = {F04B3910-0A27-4C2D-8ED1-6CC7095691E5}
		{EE338374-786D-4136-8F24-5EBD2EF7F02E} = {F04B3910-0A27-4C2D-8ED1-6CC7095691E5}
		{90EEAC8D-C4F0-4003-B09B-A4D4C8B312BA} = {F04B3910-0A27-4C2D-8ED1-6CC7095691E5}
		{891D9124-0462-4841-B1F6-8FFF2FD0B7BE} = {F04B3910-0A27-4C2D-8ED1-6CC7095691E5}
		{972CFDBB-1E0F-43CD-987A-458E9D1543B8} = {F04B3910-0A27-4C2D-8ED1-6CC7095691E5}
		{8CD2566C-772F-4229-8242-A38418B9E18A} = {F04B3910-0A27-4C2D-8ED1-6CC7095691E5}
		{BE9A8E04-FAF7-47E4-951A-416C7CC2C089} = {F04B3910-0A27-4C2D-8ED1-6CC7095691E5}
		{1182A916-10CD-482C-B8AA-1A630C5C739C} = {9674117A-466B-4315-A502-DCDFFC4E05B3}
		{2123B05C-FC6A-4AC0-8223-540B00F8F30C} = {9674117A-466B-4315-A502-DCDFFC4E05B3}
		{3F66CC12-3DD8-4CA6-99C4-B2FEC28D3473} = {9674117A-466B-4315-A502-DCDFFC4E05B3}
		{04BFA4D7-86C8-4341-B34C-3F1D88D19827} = {9674117A-466B-4315-A502-DCDFFC4E05B3}
		{57BBBE8C-84EF-4605-8B96-83ABE9FA0AB8} = {9674117A-466B-4315-A502-DCDFFC4E05B3}
		{421786C0-1720-4636-A23D-6FEC573BAD53} = {9674117A-466B-4315-A502-DCDFFC4E05B3}
	EndGlobalSection
EndGlobal
