
Microsoft Visual Studio Solution File, Format Version 12.00
# Visual Studio 2013
VisualStudioVersion = 12.0.40629.0
MinimumVisualStudioVersion = 10.0.40219.1
Project("{2150E333-8FDC-42A3-9474-1A3956D46DE8}") = "01 - Infrastructures", "01 - Infrastructures", "{F04B3910-0A27-4C2D-8ED1-6CC7095691E5}"
EndProject
Project("{2150E333-8FDC-42A3-9474-1A3956D46DE8}") = "02 - UnitTests", "02 - UnitTests", "{9674117A-466B-4315-A502-DCDFFC4E05B3}"
EndProject
Project("{2150E333-8FDC-42A3-9474-1A3956D46DE8}") = ".nuget", ".nuget", "{FF4ABECC-5097-4064-95CA-9BF579AEE43C}"
	ProjectSection(SolutionItems) = preProject
		.nuget\NuGet.Config = .nuget\NuGet.Config
		.nuget\NuGet.exe = .nuget\NuGet.exe
		.nuget\NuGet.targets = .nuget\NuGet.targets
	EndProjectSection
EndProject
Project("{2150E333-8FDC-42A3-9474-1A3956D46DE8}") = "03 - IntegrationTests", "03 - IntegrationTests", "{30953907-39FD-4F6F-933A-4F418FA1E03A}"
EndProject
Project("{2150E333-8FDC-42A3-9474-1A3956D46DE8}") = "03 - MVC", "03 - MVC", "{5B8000EA-31C0-496C-97B9-86FCE9D9B519}"
EndProject
Project("{2150E333-8FDC-42A3-9474-1A3956D46DE8}") = "04 - WCF", "04 - WCF", "{8F39A4B5-03D4-4E84-9B35-D7A5AE0D3AED}"
EndProject
Project("{2150E333-8FDC-42A3-9474-1A3956D46DE8}") = "01 - Common", "01 - Common", "{7D849A44-01DC-44B0-A680-772E1A1B91EA}"
EndProject
Project("{2150E333-8FDC-42A3-9474-1A3956D46DE8}") = "02 - DomainEvent", "02 - DomainEvent", "{CB8E26CC-0718-4A50-A105-155F36A7F9A4}"
EndProject
Project("{FAE04EC0-301F-11D3-BF4B-00C04F79EFBC}") = "ShSoft.Framework2016.Common", "ShSoft.Framework2016.Common\ShSoft.Framework2016.Common.csproj", "{37402463-F73A-4788-B9DE-5C57EC18604F}"
EndProject
Project("{FAE04EC0-301F-11D3-BF4B-00C04F79EFBC}") = "ShSoft.Framework2016.Infrastructure", "ShSoft.Framework2016.Infrastructure\ShSoft.Framework2016.Infrastructure.csproj", "{F9FF05F0-1900-4D24-859A-B3202F2208D7}"
EndProject
Project("{FAE04EC0-301F-11D3-BF4B-00C04F79EFBC}") = "ShSoft.Framework2016.Infrastructure.AOP", "ShSoft.Framework2016.Infrastructure.AOP\ShSoft.Framework2016.Infrastructure.AOP.csproj", "{90EEAC8D-C4F0-4003-B09B-A4D4C8B312BA}"
EndProject
Project("{FAE04EC0-301F-11D3-BF4B-00C04F79EFBC}") = "ShSoft.Framework2016.Infrastructure.DomainEvent", "ShSoft.Framework2016.Infrastructure.DomainEvent\ShSoft.Framework2016.Infrastructure.DomainEvent.csproj", "{79DC5E40-2857-4748-A895-49BB675CDC68}"
EndProject
Project("{FAE04EC0-301F-11D3-BF4B-00C04F79EFBC}") = "ShSoft.Framework2016.Infrastructure.DomainEvent.EFStorer", "ShSoft.Framework2016.Infrastructure.DomainEvent.EFStorer\ShSoft.Framework2016.Infrastructure.DomainEvent.EFStorer.csproj", "{F7A08DAE-580F-46D1-9ADE-DCDB2A828994}"
EndProject
Project("{FAE04EC0-301F-11D3-BF4B-00C04F79EFBC}") = "ShSoft.Framework2016.Infrastructure.Global", "ShSoft.Framework2016.Infrastructure.Global\ShSoft.Framework2016.Infrastructure.Global.csproj", "{17C748AF-D2E4-4F35-925C-2D0C1D5A51B4}"
EndProject
Project("{FAE04EC0-301F-11D3-BF4B-00C04F79EFBC}") = "ShSoft.Framework2016.Infrastructure.Repository", "ShSoft.Framework2016.Infrastructure.Repository\ShSoft.Framework2016.Infrastructure.Repository.csproj", "{972CFDBB-1E0F-43CD-987A-458E9D1543B8}"
EndProject
Project("{FAE04EC0-301F-11D3-BF4B-00C04F79EFBC}") = "ShSoft.Framework2016.Infrastructure.WebApi", "ShSoft.Framework2016.Infrastructure.WebApi\ShSoft.Framework2016.Infrastructure.WebApi.csproj", "{8CD2566C-772F-4229-8242-A38418B9E18A}"
EndProject
Project("{FAE04EC0-301F-11D3-BF4B-00C04F79EFBC}") = "ShSoft.Framework2016.CommonTests", "ShSoft.Framework2016.CommonTests\ShSoft.Framework2016.CommonTests.csproj", "{7A8901CC-494E-46AC-AA04-4CDCDD5484BC}"
EndProject
Project("{FAE04EC0-301F-11D3-BF4B-00C04F79EFBC}") = "ShSoft.Framework2016.Infrastructure.DomainEventTests", "ShSoft.Framework2016.Infrastructure.DomainEventTests\ShSoft.Framework2016.Infrastructure.DomainEventTests.csproj", "{1182A916-10CD-482C-B8AA-1A630C5C739C}"
EndProject
Project("{FAE04EC0-301F-11D3-BF4B-00C04F79EFBC}") = "ShSoft.Framework2016.Infrastructure.StubAppService", "ShSoft.Framework2016.Infrastructure.StubAppService\ShSoft.Framework2016.Infrastructure.StubAppService.csproj", "{A9F7D041-ECF8-434D-B083-5F57AD348564}"
EndProject
Project("{FAE04EC0-301F-11D3-BF4B-00C04F79EFBC}") = "ShSoft.Framework2016.Infrastructure.StubIAppService", "ShSoft.Framework2016.Infrastructure.StubIAppService\ShSoft.Framework2016.Infrastructure.StubIAppService.csproj", "{04BFA4D7-86C8-4341-B34C-3F1D88D19827}"
EndProject
Project("{FAE04EC0-301F-11D3-BF4B-00C04F79EFBC}") = "ShSoft.Framework2016.Infrastructure.DomainEvent.EFStorerTests", "ShSoft.Framework2016.Infrastructure.DomainEvent.EFStorerTests\ShSoft.Framework2016.Infrastructure.DomainEvent.EFStorerTests.csproj", "{E1EC6A9F-80F6-44FA-BDE1-4327E8FF3BAF}"
EndProject
Project("{FAE04EC0-301F-11D3-BF4B-00C04F79EFBC}") = "ShSoft.Framework2016.Infrastructure.MVCTests", "ShSoft.Framework2016.Infrastructure.MVCTests\ShSoft.Framework2016.Infrastructure.MVCTests.csproj", "{3F66CC12-3DD8-4CA6-99C4-B2FEC28D3473}"
EndProject
Project("{FAE04EC0-301F-11D3-BF4B-00C04F79EFBC}") = "ShSoft.Framework2016.Infrastructure.WCFTests", "ShSoft.Framework2016.Infrastructure.WCFTests\ShSoft.Framework2016.Infrastructure.WCFTests.csproj", "{44C612E2-18F5-4A15-8D2E-0AF325370FC7}"
EndProject
Project("{FAE04EC0-301F-11D3-BF4B-00C04F79EFBC}") = "ShSoft.Framework2016.Infrastructure.WCF.IOC", "ShSoft.Framework2016.Infrastructure.WCF.IOC\ShSoft.Framework2016.Infrastructure.WCF.IOC.csproj", "{EE338374-786D-4136-8F24-5EBD2EF7F02E}"
EndProject
Project("{FAE04EC0-301F-11D3-BF4B-00C04F79EFBC}") = "ShSoft.Framework2016.Infrastructure.MVC.IOC", "ShSoft.Framework2016.Infrastructure.MVC.IOC\ShSoft.Framework2016.Infrastructure.MVC.IOC.csproj", "{BE9A8E04-FAF7-47E4-951A-416C7CC2C089}"
EndProject
Global
	GlobalSection(SolutionConfigurationPlatforms) = preSolution
		Debug|Any CPU = Debug|Any CPU
		Release|Any CPU = Release|Any CPU
	EndGlobalSection
	GlobalSection(ProjectConfigurationPlatforms) = postSolution
		{37402463-F73A-4788-B9DE-5C57EC18604F}.Debug|Any CPU.ActiveCfg = Debug|Any CPU
		{37402463-F73A-4788-B9DE-5C57EC18604F}.Debug|Any CPU.Build.0 = Debug|Any CPU
		{37402463-F73A-4788-B9DE-5C57EC18604F}.Release|Any CPU.ActiveCfg = Release|Any CPU
		{37402463-F73A-4788-B9DE-5C57EC18604F}.Release|Any CPU.Build.0 = Release|Any CPU
		{F9FF05F0-1900-4D24-859A-B3202F2208D7}.Debug|Any CPU.ActiveCfg = Debug|Any CPU
		{F9FF05F0-1900-4D24-859A-B3202F2208D7}.Debug|Any CPU.Build.0 = Debug|Any CPU
		{F9FF05F0-1900-4D24-859A-B3202F2208D7}.Release|Any CPU.ActiveCfg = Release|Any CPU
		{F9FF05F0-1900-4D24-859A-B3202F2208D7}.Release|Any CPU.Build.0 = Release|Any CPU
		{90EEAC8D-C4F0-4003-B09B-A4D4C8B312BA}.Debug|Any CPU.ActiveCfg = Debug|Any CPU
		{90EEAC8D-C4F0-4003-B09B-A4D4C8B312BA}.Debug|Any CPU.Build.0 = Debug|Any CPU
		{90EEAC8D-C4F0-4003-B09B-A4D4C8B312BA}.Release|Any CPU.ActiveCfg = Release|Any CPU
		{90EEAC8D-C4F0-4003-B09B-A4D4C8B312BA}.Release|Any CPU.Build.0 = Release|Any CPU
		{79DC5E40-2857-4748-A895-49BB675CDC68}.Debug|Any CPU.ActiveCfg = Debug|Any CPU
		{79DC5E40-2857-4748-A895-49BB675CDC68}.Debug|Any CPU.Build.0 = Debug|Any CPU
		{79DC5E40-2857-4748-A895-49BB675CDC68}.Release|Any CPU.ActiveCfg = Release|Any CPU
		{79DC5E40-2857-4748-A895-49BB675CDC68}.Release|Any CPU.Build.0 = Release|Any CPU
		{F7A08DAE-580F-46D1-9ADE-DCDB2A828994}.Debug|Any CPU.ActiveCfg = Debug|Any CPU
		{F7A08DAE-580F-46D1-9ADE-DCDB2A828994}.Debug|Any CPU.Build.0 = Debug|Any CPU
		{F7A08DAE-580F-46D1-9ADE-DCDB2A828994}.Release|Any CPU.ActiveCfg = Release|Any CPU
		{F7A08DAE-580F-46D1-9ADE-DCDB2A828994}.Release|Any CPU.Build.0 = Release|Any CPU
		{17C748AF-D2E4-4F35-925C-2D0C1D5A51B4}.Debug|Any CPU.ActiveCfg = Debug|Any CPU
		{17C748AF-D2E4-4F35-925C-2D0C1D5A51B4}.Debug|Any CPU.Build.0 = Debug|Any CPU
		{17C748AF-D2E4-4F35-925C-2D0C1D5A51B4}.Release|Any CPU.ActiveCfg = Release|Any CPU
		{17C748AF-D2E4-4F35-925C-2D0C1D5A51B4}.Release|Any CPU.Build.0 = Release|Any CPU
		{972CFDBB-1E0F-43CD-987A-458E9D1543B8}.Debug|Any CPU.ActiveCfg = Debug|Any CPU
		{972CFDBB-1E0F-43CD-987A-458E9D1543B8}.Debug|Any CPU.Build.0 = Debug|Any CPU
		{972CFDBB-1E0F-43CD-987A-458E9D1543B8}.Release|Any CPU.ActiveCfg = Release|Any CPU
		{972CFDBB-1E0F-43CD-987A-458E9D1543B8}.Release|Any CPU.Build.0 = Release|Any CPU
		{8CD2566C-772F-4229-8242-A38418B9E18A}.Debug|Any CPU.ActiveCfg = Debug|Any CPU
		{8CD2566C-772F-4229-8242-A38418B9E18A}.Debug|Any CPU.Build.0 = Debug|Any CPU
		{8CD2566C-772F-4229-8242-A38418B9E18A}.Release|Any CPU.ActiveCfg = Release|Any CPU
		{8CD2566C-772F-4229-8242-A38418B9E18A}.Release|Any CPU.Build.0 = Release|Any CPU
		{7A8901CC-494E-46AC-AA04-4CDCDD5484BC}.Debug|Any CPU.ActiveCfg = Debug|Any CPU
		{7A8901CC-494E-46AC-AA04-4CDCDD5484BC}.Debug|Any CPU.Build.0 = Debug|Any CPU
		{7A8901CC-494E-46AC-AA04-4CDCDD5484BC}.Release|Any CPU.ActiveCfg = Release|Any CPU
		{7A8901CC-494E-46AC-AA04-4CDCDD5484BC}.Release|Any CPU.Build.0 = Release|Any CPU
		{1182A916-10CD-482C-B8AA-1A630C5C739C}.Debug|Any CPU.ActiveCfg = Debug|Any CPU
		{1182A916-10CD-482C-B8AA-1A630C5C739C}.Debug|Any CPU.Build.0 = Debug|Any CPU
		{1182A916-10CD-482C-B8AA-1A630C5C739C}.Release|Any CPU.ActiveCfg = Release|Any CPU
		{1182A916-10CD-482C-B8AA-1A630C5C739C}.Release|Any CPU.Build.0 = Release|Any CPU
		{A9F7D041-ECF8-434D-B083-5F57AD348564}.Debug|Any CPU.ActiveCfg = Debug|Any CPU
		{A9F7D041-ECF8-434D-B083-5F57AD348564}.Debug|Any CPU.Build.0 = Debug|Any CPU
		{A9F7D041-ECF8-434D-B083-5F57AD348564}.Release|Any CPU.ActiveCfg = Release|Any CPU
		{A9F7D041-ECF8-434D-B083-5F57AD348564}.Release|Any CPU.Build.0 = Release|Any CPU
		{04BFA4D7-86C8-4341-B34C-3F1D88D19827}.Debug|Any CPU.ActiveCfg = Debug|Any CPU
		{04BFA4D7-86C8-4341-B34C-3F1D88D19827}.Debug|Any CPU.Build.0 = Debug|Any CPU
		{04BFA4D7-86C8-4341-B34C-3F1D88D19827}.Release|Any CPU.ActiveCfg = Release|Any CPU
		{04BFA4D7-86C8-4341-B34C-3F1D88D19827}.Release|Any CPU.Build.0 = Release|Any CPU
		{E1EC6A9F-80F6-44FA-BDE1-4327E8FF3BAF}.Debug|Any CPU.ActiveCfg = Debug|Any CPU
		{E1EC6A9F-80F6-44FA-BDE1-4327E8FF3BAF}.Debug|Any CPU.Build.0 = Debug|Any CPU
		{E1EC6A9F-80F6-44FA-BDE1-4327E8FF3BAF}.Release|Any CPU.ActiveCfg = Release|Any CPU
		{E1EC6A9F-80F6-44FA-BDE1-4327E8FF3BAF}.Release|Any CPU.Build.0 = Release|Any CPU
		{3F66CC12-3DD8-4CA6-99C4-B2FEC28D3473}.Debug|Any CPU.ActiveCfg = Debug|Any CPU
		{3F66CC12-3DD8-4CA6-99C4-B2FEC28D3473}.Debug|Any CPU.Build.0 = Debug|Any CPU
		{3F66CC12-3DD8-4CA6-99C4-B2FEC28D3473}.Release|Any CPU.ActiveCfg = Release|Any CPU
		{3F66CC12-3DD8-4CA6-99C4-B2FEC28D3473}.Release|Any CPU.Build.0 = Release|Any CPU
		{44C612E2-18F5-4A15-8D2E-0AF325370FC7}.Debug|Any CPU.ActiveCfg = Debug|Any CPU
		{44C612E2-18F5-4A15-8D2E-0AF325370FC7}.Debug|Any CPU.Build.0 = Debug|Any CPU
		{44C612E2-18F5-4A15-8D2E-0AF325370FC7}.Release|Any CPU.ActiveCfg = Release|Any CPU
		{44C612E2-18F5-4A15-8D2E-0AF325370FC7}.Release|Any CPU.Build.0 = Release|Any CPU
		{EE338374-786D-4136-8F24-5EBD2EF7F02E}.Debug|Any CPU.ActiveCfg = Debug|Any CPU
		{EE338374-786D-4136-8F24-5EBD2EF7F02E}.Debug|Any CPU.Build.0 = Debug|Any CPU
		{EE338374-786D-4136-8F24-5EBD2EF7F02E}.Release|Any CPU.ActiveCfg = Release|Any CPU
		{EE338374-786D-4136-8F24-5EBD2EF7F02E}.Release|Any CPU.Build.0 = Release|Any CPU
		{BE9A8E04-FAF7-47E4-951A-416C7CC2C089}.Debug|Any CPU.ActiveCfg = Debug|Any CPU
		{BE9A8E04-FAF7-47E4-951A-416C7CC2C089}.Debug|Any CPU.Build.0 = Debug|Any CPU
		{BE9A8E04-FAF7-47E4-951A-416C7CC2C089}.Release|Any CPU.ActiveCfg = Release|Any CPU
		{BE9A8E04-FAF7-47E4-951A-416C7CC2C089}.Release|Any CPU.Build.0 = Release|Any CPU
	EndGlobalSection
	GlobalSection(SolutionProperties) = preSolution
		HideSolutionNode = FALSE
	EndGlobalSection
	GlobalSection(NestedProjects) = preSolution
		{5B8000EA-31C0-496C-97B9-86FCE9D9B519} = {30953907-39FD-4F6F-933A-4F418FA1E03A}
		{8F39A4B5-03D4-4E84-9B35-D7A5AE0D3AED} = {30953907-39FD-4F6F-933A-4F418FA1E03A}
		{7D849A44-01DC-44B0-A680-772E1A1B91EA} = {30953907-39FD-4F6F-933A-4F418FA1E03A}
		{CB8E26CC-0718-4A50-A105-155F36A7F9A4} = {30953907-39FD-4F6F-933A-4F418FA1E03A}
		{37402463-F73A-4788-B9DE-5C57EC18604F} = {F04B3910-0A27-4C2D-8ED1-6CC7095691E5}
		{F9FF05F0-1900-4D24-859A-B3202F2208D7} = {F04B3910-0A27-4C2D-8ED1-6CC7095691E5}
		{90EEAC8D-C4F0-4003-B09B-A4D4C8B312BA} = {F04B3910-0A27-4C2D-8ED1-6CC7095691E5}
		{79DC5E40-2857-4748-A895-49BB675CDC68} = {F04B3910-0A27-4C2D-8ED1-6CC7095691E5}
		{F7A08DAE-580F-46D1-9ADE-DCDB2A828994} = {F04B3910-0A27-4C2D-8ED1-6CC7095691E5}
		{17C748AF-D2E4-4F35-925C-2D0C1D5A51B4} = {F04B3910-0A27-4C2D-8ED1-6CC7095691E5}
		{972CFDBB-1E0F-43CD-987A-458E9D1543B8} = {F04B3910-0A27-4C2D-8ED1-6CC7095691E5}
		{8CD2566C-772F-4229-8242-A38418B9E18A} = {F04B3910-0A27-4C2D-8ED1-6CC7095691E5}
		{7A8901CC-494E-46AC-AA04-4CDCDD5484BC} = {9674117A-466B-4315-A502-DCDFFC4E05B3}
		{1182A916-10CD-482C-B8AA-1A630C5C739C} = {9674117A-466B-4315-A502-DCDFFC4E05B3}
		{A9F7D041-ECF8-434D-B083-5F57AD348564} = {7D849A44-01DC-44B0-A680-772E1A1B91EA}
		{04BFA4D7-86C8-4341-B34C-3F1D88D19827} = {7D849A44-01DC-44B0-A680-772E1A1B91EA}
		{E1EC6A9F-80F6-44FA-BDE1-4327E8FF3BAF} = {CB8E26CC-0718-4A50-A105-155F36A7F9A4}
		{3F66CC12-3DD8-4CA6-99C4-B2FEC28D3473} = {5B8000EA-31C0-496C-97B9-86FCE9D9B519}
		{44C612E2-18F5-4A15-8D2E-0AF325370FC7} = {8F39A4B5-03D4-4E84-9B35-D7A5AE0D3AED}
		{EE338374-786D-4136-8F24-5EBD2EF7F02E} = {F04B3910-0A27-4C2D-8ED1-6CC7095691E5}
		{BE9A8E04-FAF7-47E4-951A-416C7CC2C089} = {F04B3910-0A27-4C2D-8ED1-6CC7095691E5}
	EndGlobalSection
EndGlobal
